// !$*UTF8*$!
{
	archiveVersion = 1;
	classes = {
	};
	objectVersion = 56;
	objects = {

/* Begin PBXBuildFile section */
		1A98D72D9E0870BDD7304894 /* SettingsView.swift in Sources */ = {isa = PBXBuildFile; fileRef = 1A98D09869F5BF91EF092663 /* SettingsView.swift */; };
		810449BB295471A30010677E /* Media+Extension.swift in Sources */ = {isa = PBXBuildFile; fileRef = 810449BA295471A30010677E /* Media+Extension.swift */; };
		8143B2C5291010F800BB571E /* Route.swift in Sources */ = {isa = PBXBuildFile; fileRef = 8143B2C4291010F800BB571E /* Route.swift */; };
		8143B2C72910112300BB571E /* MainView.swift in Sources */ = {isa = PBXBuildFile; fileRef = 8143B2C62910112300BB571E /* MainView.swift */; };
		8143B2CD2910158900BB571E /* NetworkDataLoader.swift in Sources */ = {isa = PBXBuildFile; fileRef = 8143B2CC2910158900BB571E /* NetworkDataLoader.swift */; };
		8143B2D029101D5300BB571E /* GenericErrorView.swift in Sources */ = {isa = PBXBuildFile; fileRef = 8143B2CF29101D5300BB571E /* GenericErrorView.swift */; };
		8143B2D52910230000BB571E /* NukeUI in Frameworks */ = {isa = PBXBuildFile; productRef = 8143B2D42910230000BB571E /* NukeUI */; };
		8143B2D82910234500BB571E /* String+Extension.swift in Sources */ = {isa = PBXBuildFile; fileRef = 8143B2D72910234500BB571E /* String+Extension.swift */; };
		8143B2DA291024FD00BB571E /* MediaGridItemView.swift in Sources */ = {isa = PBXBuildFile; fileRef = 8143B2D9291024FD00BB571E /* MediaGridItemView.swift */; };
		8143B2DC291026FC00BB571E /* GridView.swift in Sources */ = {isa = PBXBuildFile; fileRef = 8143B2DB291026FC00BB571E /* GridView.swift */; };
		8143B2E92910312500BB571E /* TVShow+Mocks.swift in Sources */ = {isa = PBXBuildFile; fileRef = 8143B2E72910312400BB571E /* TVShow+Mocks.swift */; };
		8143B2EA2910312500BB571E /* Movie+Mocks.swift in Sources */ = {isa = PBXBuildFile; fileRef = 8143B2E82910312400BB571E /* Movie+Mocks.swift */; };
		8143B2F32910345500BB571E /* Book+Mocks.swift in Sources */ = {isa = PBXBuildFile; fileRef = 8143B2F22910345400BB571E /* Book+Mocks.swift */; };
		8143B2F82910364400BB571E /* Artist+Mocks.swift in Sources */ = {isa = PBXBuildFile; fileRef = 8143B2F72910364400BB571E /* Artist+Mocks.swift */; };
		8143B2FA291037E900BB571E /* View+Extension.swift in Sources */ = {isa = PBXBuildFile; fileRef = 8143B2F9291037E900BB571E /* View+Extension.swift */; };
		8143B2FC291038CD00BB571E /* Game+Mocks.swift in Sources */ = {isa = PBXBuildFile; fileRef = 8143B2FB291038CD00BB571E /* Game+Mocks.swift */; };
		815C5907293A4E3E00EB6A24 /* BounceButtonStyle.swift in Sources */ = {isa = PBXBuildFile; fileRef = 815C5906293A4E3E00EB6A24 /* BounceButtonStyle.swift */; };
		815C590A293A5A0600EB6A24 /* MediaDetailView.swift in Sources */ = {isa = PBXBuildFile; fileRef = 815C5909293A5A0600EB6A24 /* MediaDetailView.swift */; };
		8169BE52291419A2004E9AE4 /* SwiftDate in Frameworks */ = {isa = PBXBuildFile; productRef = 8169BE51291419A2004E9AE4 /* SwiftDate */; };
		817B0B8B291122B60088548D /* PreviewWithMock.swift in Sources */ = {isa = PBXBuildFile; fileRef = 817B0B8A291122B60088548D /* PreviewWithMock.swift */; };
		8186A58F29169A4900F03E2D /* StatsView.swift in Sources */ = {isa = PBXBuildFile; fileRef = 8186A58E29169A4900F03E2D /* StatsView.swift */; };
		8186A59129169A5500F03E2D /* StatsViewModel.swift in Sources */ = {isa = PBXBuildFile; fileRef = 8186A59029169A5500F03E2D /* StatsViewModel.swift */; };
		8186A59329169AAF00F03E2D /* StatsViewModelTests.swift in Sources */ = {isa = PBXBuildFile; fileRef = 8186A59229169AAF00F03E2D /* StatsViewModelTests.swift */; };
		81C2A88A291185CE009EF53A /* MediaContentView.swift in Sources */ = {isa = PBXBuildFile; fileRef = 81C2A889291185CE009EF53A /* MediaContentView.swift */; };
		81C2A88C29119434009EF53A /* Boutique in Frameworks */ = {isa = PBXBuildFile; productRef = 81C2A88B29119434009EF53A /* Boutique */; };
		81CAC7AD293B85FA00211E75 /* DominantColor in Frameworks */ = {isa = PBXBuildFile; productRef = 81CAC7AC293B85FA00211E75 /* DominantColor */; };
		81CAC7AF293B924A00211E75 /* MediaDetailViewModel.swift in Sources */ = {isa = PBXBuildFile; fileRef = 81CAC7AE293B924A00211E75 /* MediaDetailViewModel.swift */; };
		81CEDBF429112EFA00C5EFE6 /* MediaListItemView.swift in Sources */ = {isa = PBXBuildFile; fileRef = 81CEDBF329112EFA00C5EFE6 /* MediaListItemView.swift */; };
		81CEDBFA291141CA00C5EFE6 /* Boutique in Frameworks */ = {isa = PBXBuildFile; productRef = 81CEDBF9291141CA00C5EFE6 /* Boutique */; };
		81CEDBFC29114CC100C5EFE6 /* MediaView.swift in Sources */ = {isa = PBXBuildFile; fileRef = 81CEDBFB29114CC100C5EFE6 /* MediaView.swift */; };
		81CEDBFE2911547700C5EFE6 /* PersistenceService.swift in Sources */ = {isa = PBXBuildFile; fileRef = 81CEDBFD2911547700C5EFE6 /* PersistenceService.swift */; };
		81CEDC00291156EC00C5EFE6 /* NetworkService+Mock.swift in Sources */ = {isa = PBXBuildFile; fileRef = 81CEDBFF291156EB00C5EFE6 /* NetworkService+Mock.swift */; };
		81CEDC022911571F00C5EFE6 /* PersistentService+Mock.swift in Sources */ = {isa = PBXBuildFile; fileRef = 81CEDC012911571F00C5EFE6 /* PersistentService+Mock.swift */; };
		81CEDC07291157A600C5EFE6 /* MediaContentViewMock.swift in Sources */ = {isa = PBXBuildFile; fileRef = 81CEDC06291157A600C5EFE6 /* MediaContentViewMock.swift */; };
		81CEDC0B291173DD00C5EFE6 /* PersistenceServiceTests.swift in Sources */ = {isa = PBXBuildFile; fileRef = 81CEDC0A291173DD00C5EFE6 /* PersistenceServiceTests.swift */; };
		81CEDC0D2911767500C5EFE6 /* MediaLayoutType.swift in Sources */ = {isa = PBXBuildFile; fileRef = 81CEDC0C2911767400C5EFE6 /* MediaLayoutType.swift */; };
		81DEEDA5290FE22700106BC6 /* StatsApp.swift in Sources */ = {isa = PBXBuildFile; fileRef = 81DEEDA4290FE22700106BC6 /* StatsApp.swift */; };
		81DEEDA9290FE22800106BC6 /* Assets.xcassets in Resources */ = {isa = PBXBuildFile; fileRef = 81DEEDA8290FE22800106BC6 /* Assets.xcassets */; };
		81DEEDB6290FE22800106BC6 /* NetworkServiceTests.swift in Sources */ = {isa = PBXBuildFile; fileRef = 81DEEDB5290FE22800106BC6 /* NetworkServiceTests.swift */; };
		81DEEDE2290FF03300106BC6 /* Models in Frameworks */ = {isa = PBXBuildFile; productRef = 81DEEDE1290FF03300106BC6 /* Models */; };
		81DEEDE4290FF03300106BC6 /* Networking in Frameworks */ = {isa = PBXBuildFile; productRef = 81DEEDE3290FF03300106BC6 /* Networking */; };
		81DEEDEA290FF6C000106BC6 /* NetworkService.swift in Sources */ = {isa = PBXBuildFile; fileRef = 81DEEDE9290FF6C000106BC6 /* NetworkService.swift */; };
		81DEEDED290FFC4900106BC6 /* DependencyInjection in Frameworks */ = {isa = PBXBuildFile; productRef = 81DEEDEC290FFC4900106BC6 /* DependencyInjection */; };
/* End PBXBuildFile section */

/* Begin PBXContainerItemProxy section */
		81DEEDB2290FE22800106BC6 /* PBXContainerItemProxy */ = {
			isa = PBXContainerItemProxy;
			containerPortal = 81DEED99290FE22700106BC6 /* Project object */;
			proxyType = 1;
			remoteGlobalIDString = 81DEEDA0290FE22700106BC6;
			remoteInfo = Stats;
		};
/* End PBXContainerItemProxy section */

/* Begin PBXFileReference section */
		1A98D09869F5BF91EF092663 /* SettingsView.swift */ = {isa = PBXFileReference; fileEncoding = 4; lastKnownFileType = sourcecode.swift; path = SettingsView.swift; sourceTree = "<group>"; };
		810449BA295471A30010677E /* Media+Extension.swift */ = {isa = PBXFileReference; lastKnownFileType = sourcecode.swift; path = "Media+Extension.swift"; sourceTree = "<group>"; };
		8143B2C4291010F800BB571E /* Route.swift */ = {isa = PBXFileReference; lastKnownFileType = sourcecode.swift; path = Route.swift; sourceTree = "<group>"; };
		8143B2C62910112300BB571E /* MainView.swift */ = {isa = PBXFileReference; lastKnownFileType = sourcecode.swift; path = MainView.swift; sourceTree = "<group>"; };
		8143B2CC2910158900BB571E /* NetworkDataLoader.swift */ = {isa = PBXFileReference; lastKnownFileType = sourcecode.swift; path = NetworkDataLoader.swift; sourceTree = "<group>"; };
		8143B2CF29101D5300BB571E /* GenericErrorView.swift */ = {isa = PBXFileReference; lastKnownFileType = sourcecode.swift; path = GenericErrorView.swift; sourceTree = "<group>"; };
		8143B2D72910234500BB571E /* String+Extension.swift */ = {isa = PBXFileReference; lastKnownFileType = sourcecode.swift; path = "String+Extension.swift"; sourceTree = "<group>"; };
		8143B2D9291024FD00BB571E /* MediaGridItemView.swift */ = {isa = PBXFileReference; lastKnownFileType = sourcecode.swift; path = MediaGridItemView.swift; sourceTree = "<group>"; };
		8143B2DB291026FC00BB571E /* GridView.swift */ = {isa = PBXFileReference; lastKnownFileType = sourcecode.swift; path = GridView.swift; sourceTree = "<group>"; };
		8143B2E72910312400BB571E /* TVShow+Mocks.swift */ = {isa = PBXFileReference; fileEncoding = 4; lastKnownFileType = sourcecode.swift; path = "TVShow+Mocks.swift"; sourceTree = "<group>"; };
		8143B2E82910312400BB571E /* Movie+Mocks.swift */ = {isa = PBXFileReference; fileEncoding = 4; lastKnownFileType = sourcecode.swift; path = "Movie+Mocks.swift"; sourceTree = "<group>"; };
		8143B2F22910345400BB571E /* Book+Mocks.swift */ = {isa = PBXFileReference; lastKnownFileType = sourcecode.swift; path = "Book+Mocks.swift"; sourceTree = "<group>"; };
		8143B2F72910364400BB571E /* Artist+Mocks.swift */ = {isa = PBXFileReference; lastKnownFileType = sourcecode.swift; path = "Artist+Mocks.swift"; sourceTree = "<group>"; };
		8143B2F9291037E900BB571E /* View+Extension.swift */ = {isa = PBXFileReference; lastKnownFileType = sourcecode.swift; path = "View+Extension.swift"; sourceTree = "<group>"; };
		8143B2FB291038CD00BB571E /* Game+Mocks.swift */ = {isa = PBXFileReference; lastKnownFileType = sourcecode.swift; path = "Game+Mocks.swift"; sourceTree = "<group>"; };
		815C5906293A4E3E00EB6A24 /* BounceButtonStyle.swift */ = {isa = PBXFileReference; lastKnownFileType = sourcecode.swift; path = BounceButtonStyle.swift; sourceTree = "<group>"; };
		815C5909293A5A0600EB6A24 /* MediaDetailView.swift */ = {isa = PBXFileReference; lastKnownFileType = sourcecode.swift; path = MediaDetailView.swift; sourceTree = "<group>"; };
		817B0B8A291122B60088548D /* PreviewWithMock.swift */ = {isa = PBXFileReference; fileEncoding = 4; lastKnownFileType = sourcecode.swift; path = PreviewWithMock.swift; sourceTree = "<group>"; };
		8186A58E29169A4900F03E2D /* StatsView.swift */ = {isa = PBXFileReference; lastKnownFileType = sourcecode.swift; path = StatsView.swift; sourceTree = "<group>"; };
		8186A59029169A5500F03E2D /* StatsViewModel.swift */ = {isa = PBXFileReference; lastKnownFileType = sourcecode.swift; path = StatsViewModel.swift; sourceTree = "<group>"; };
		8186A59229169AAF00F03E2D /* StatsViewModelTests.swift */ = {isa = PBXFileReference; lastKnownFileType = sourcecode.swift; path = StatsViewModelTests.swift; sourceTree = "<group>"; };
		81C2A889291185CE009EF53A /* MediaContentView.swift */ = {isa = PBXFileReference; lastKnownFileType = sourcecode.swift; path = MediaContentView.swift; sourceTree = "<group>"; };
		81CAC7AE293B924A00211E75 /* MediaDetailViewModel.swift */ = {isa = PBXFileReference; lastKnownFileType = sourcecode.swift; path = MediaDetailViewModel.swift; sourceTree = "<group>"; };
		81CEDBF329112EFA00C5EFE6 /* MediaListItemView.swift */ = {isa = PBXFileReference; lastKnownFileType = sourcecode.swift; path = MediaListItemView.swift; sourceTree = "<group>"; };
		81CEDBFB29114CC100C5EFE6 /* MediaView.swift */ = {isa = PBXFileReference; lastKnownFileType = sourcecode.swift; path = MediaView.swift; sourceTree = "<group>"; };
		81CEDBFD2911547700C5EFE6 /* PersistenceService.swift */ = {isa = PBXFileReference; lastKnownFileType = sourcecode.swift; path = PersistenceService.swift; sourceTree = "<group>"; };
		81CEDBFF291156EB00C5EFE6 /* NetworkService+Mock.swift */ = {isa = PBXFileReference; lastKnownFileType = sourcecode.swift; path = "NetworkService+Mock.swift"; sourceTree = "<group>"; };
		81CEDC012911571F00C5EFE6 /* PersistentService+Mock.swift */ = {isa = PBXFileReference; lastKnownFileType = sourcecode.swift; path = "PersistentService+Mock.swift"; sourceTree = "<group>"; };
		81CEDC06291157A600C5EFE6 /* MediaContentViewMock.swift */ = {isa = PBXFileReference; lastKnownFileType = sourcecode.swift; path = MediaContentViewMock.swift; sourceTree = "<group>"; };
		81CEDC0A291173DD00C5EFE6 /* PersistenceServiceTests.swift */ = {isa = PBXFileReference; lastKnownFileType = sourcecode.swift; path = PersistenceServiceTests.swift; sourceTree = "<group>"; };
		81CEDC0C2911767400C5EFE6 /* MediaLayoutType.swift */ = {isa = PBXFileReference; lastKnownFileType = sourcecode.swift; path = MediaLayoutType.swift; sourceTree = "<group>"; };
		81DEEDA1290FE22700106BC6 /* Stats.app */ = {isa = PBXFileReference; explicitFileType = wrapper.application; includeInIndex = 0; path = Stats.app; sourceTree = BUILT_PRODUCTS_DIR; };
		81DEEDA4290FE22700106BC6 /* StatsApp.swift */ = {isa = PBXFileReference; lastKnownFileType = sourcecode.swift; path = StatsApp.swift; sourceTree = "<group>"; };
		81DEEDA8290FE22800106BC6 /* Assets.xcassets */ = {isa = PBXFileReference; lastKnownFileType = folder.assetcatalog; path = Assets.xcassets; sourceTree = "<group>"; };
		81DEEDB1290FE22800106BC6 /* StatsTests.xctest */ = {isa = PBXFileReference; explicitFileType = wrapper.cfbundle; includeInIndex = 0; path = StatsTests.xctest; sourceTree = BUILT_PRODUCTS_DIR; };
		81DEEDB5290FE22800106BC6 /* NetworkServiceTests.swift */ = {isa = PBXFileReference; lastKnownFileType = sourcecode.swift; path = NetworkServiceTests.swift; sourceTree = "<group>"; };
		81DEEDDF290FEF8D00106BC6 /* Models */ = {isa = PBXFileReference; lastKnownFileType = text; path = Models; sourceTree = SOURCE_ROOT; };
		81DEEDE0290FEFD100106BC6 /* Networking */ = {isa = PBXFileReference; lastKnownFileType = text; path = Networking; sourceTree = SOURCE_ROOT; };
		81DEEDE9290FF6C000106BC6 /* NetworkService.swift */ = {isa = PBXFileReference; lastKnownFileType = sourcecode.swift; path = NetworkService.swift; sourceTree = "<group>"; };
		81DEEDEB290FFBB300106BC6 /* DependencyInjection */ = {isa = PBXFileReference; lastKnownFileType = text; path = DependencyInjection; sourceTree = SOURCE_ROOT; };
/* End PBXFileReference section */

/* Begin PBXFrameworksBuildPhase section */
		81DEED9E290FE22700106BC6 /* Frameworks */ = {
			isa = PBXFrameworksBuildPhase;
			buildActionMask = 2147483647;
			files = (
				8143B2D52910230000BB571E /* NukeUI in Frameworks */,
				81DEEDED290FFC4900106BC6 /* DependencyInjection in Frameworks */,
				8169BE52291419A2004E9AE4 /* SwiftDate in Frameworks */,
				81DEEDE4290FF03300106BC6 /* Networking in Frameworks */,
				81CEDBFA291141CA00C5EFE6 /* Boutique in Frameworks */,
				81CAC7AD293B85FA00211E75 /* DominantColor in Frameworks */,
				81DEEDE2290FF03300106BC6 /* Models in Frameworks */,
			);
			runOnlyForDeploymentPostprocessing = 0;
		};
		81DEEDAE290FE22800106BC6 /* Frameworks */ = {
			isa = PBXFrameworksBuildPhase;
			buildActionMask = 2147483647;
			files = (
				81C2A88C29119434009EF53A /* Boutique in Frameworks */,
			);
			runOnlyForDeploymentPostprocessing = 0;
		};
/* End PBXFrameworksBuildPhase section */

/* Begin PBXGroup section */
		1A98D7F5982CCA05E72228F9 /* Settings */ = {
			isa = PBXGroup;
			children = (
				1A98D09869F5BF91EF092663 /* SettingsView.swift */,
			);
			path = Settings;
			sourceTree = "<group>";
		};
		8143B2C229100F8900BB571E /* App */ = {
			isa = PBXGroup;
			children = (
				81DEEDA4290FE22700106BC6 /* StatsApp.swift */,
				81DEEDA8290FE22800106BC6 /* Assets.xcassets */,
				8143B2CB2910156E00BB571E /* Data */,
				8143B2E2291030E300BB571E /* Mocks */,
				8143B2D62910233800BB571E /* Extensions */,
				81DEEDE8290FF6A200106BC6 /* Services */,
				8143B2CE29101D4500BB571E /* Views */,
				8143B2C32910109F00BB571E /* Navigation */,
				8143B2C82910116600BB571E /* Media */,
				8143B303291043CB00BB571E /* Stats */,
				1A98D7F5982CCA05E72228F9 /* Settings */,
			);
			path = App;
			sourceTree = "<group>";
		};
		8143B2C32910109F00BB571E /* Navigation */ = {
			isa = PBXGroup;
			children = (
				8143B2C4291010F800BB571E /* Route.swift */,
				8143B2C62910112300BB571E /* MainView.swift */,
				81CEDC0C2911767400C5EFE6 /* MediaLayoutType.swift */,
			);
			path = Navigation;
			sourceTree = "<group>";
		};
		8143B2C82910116600BB571E /* Media */ = {
			isa = PBXGroup;
			children = (
				815C5908293A59FB00EB6A24 /* Detail */,
				81CEDBFB29114CC100C5EFE6 /* MediaView.swift */,
				81C2A889291185CE009EF53A /* MediaContentView.swift */,
				815C5906293A4E3E00EB6A24 /* BounceButtonStyle.swift */,
			);
			path = Media;
			sourceTree = "<group>";
		};
		8143B2CB2910156E00BB571E /* Data */ = {
			isa = PBXGroup;
			children = (
				8143B2CC2910158900BB571E /* NetworkDataLoader.swift */,
			);
			path = Data;
			sourceTree = "<group>";
		};
		8143B2CE29101D4500BB571E /* Views */ = {
			isa = PBXGroup;
			children = (
				8143B2CF29101D5300BB571E /* GenericErrorView.swift */,
				8143B2D9291024FD00BB571E /* MediaGridItemView.swift */,
				81CEDBF329112EFA00C5EFE6 /* MediaListItemView.swift */,
				8143B2DB291026FC00BB571E /* GridView.swift */,
			);
			path = Views;
			sourceTree = "<group>";
		};
		8143B2D62910233800BB571E /* Extensions */ = {
			isa = PBXGroup;
			children = (
				8143B2D72910234500BB571E /* String+Extension.swift */,
				8143B2F9291037E900BB571E /* View+Extension.swift */,
				810449BA295471A30010677E /* Media+Extension.swift */,
			);
			path = Extensions;
			sourceTree = "<group>";
		};
		8143B2E2291030E300BB571E /* Mocks */ = {
			isa = PBXGroup;
			children = (
				81CEDC052911574000C5EFE6 /* Services */,
				81CEDC042911573600C5EFE6 /* Models */,
				81CEDC032911573100C5EFE6 /* UI */,
			);
			path = Mocks;
			sourceTree = "<group>";
		};
		8143B303291043CB00BB571E /* Stats */ = {
			isa = PBXGroup;
			children = (
				8186A58E29169A4900F03E2D /* StatsView.swift */,
				8186A59029169A5500F03E2D /* StatsViewModel.swift */,
			);
			path = Stats;
			sourceTree = "<group>";
		};
		815C5908293A59FB00EB6A24 /* Detail */ = {
			isa = PBXGroup;
			children = (
				815C5909293A5A0600EB6A24 /* MediaDetailView.swift */,
				81CAC7AE293B924A00211E75 /* MediaDetailViewModel.swift */,
			);
			path = Detail;
			sourceTree = "<group>";
		};
		81CEDC032911573100C5EFE6 /* UI */ = {
			isa = PBXGroup;
			children = (
				817B0B8A291122B60088548D /* PreviewWithMock.swift */,
				81CEDC06291157A600C5EFE6 /* MediaContentViewMock.swift */,
			);
			path = UI;
			sourceTree = "<group>";
		};
		81CEDC042911573600C5EFE6 /* Models */ = {
			isa = PBXGroup;
			children = (
				8143B2E82910312400BB571E /* Movie+Mocks.swift */,
				8143B2E72910312400BB571E /* TVShow+Mocks.swift */,
				8143B2F22910345400BB571E /* Book+Mocks.swift */,
				8143B2F72910364400BB571E /* Artist+Mocks.swift */,
				8143B2FB291038CD00BB571E /* Game+Mocks.swift */,
			);
			path = Models;
			sourceTree = "<group>";
		};
		81CEDC052911574000C5EFE6 /* Services */ = {
			isa = PBXGroup;
			children = (
				81CEDBFF291156EB00C5EFE6 /* NetworkService+Mock.swift */,
				81CEDC012911571F00C5EFE6 /* PersistentService+Mock.swift */,
			);
			path = Services;
			sourceTree = "<group>";
		};
		81DEED98290FE22700106BC6 = {
			isa = PBXGroup;
			children = (
				81DEEDA3290FE22700106BC6 /* Stats */,
				81DEEDB4290FE22800106BC6 /* StatsTests */,
				81DEEDA2290FE22700106BC6 /* Products */,
				81DEEDD0290FE45E00106BC6 /* Frameworks */,
			);
			sourceTree = "<group>";
		};
		81DEEDA2290FE22700106BC6 /* Products */ = {
			isa = PBXGroup;
			children = (
				81DEEDA1290FE22700106BC6 /* Stats.app */,
				81DEEDB1290FE22800106BC6 /* StatsTests.xctest */,
			);
			name = Products;
			sourceTree = "<group>";
		};
		81DEEDA3290FE22700106BC6 /* Stats */ = {
			isa = PBXGroup;
			children = (
				81DEEDE0290FEFD100106BC6 /* Networking */,
				81DEEDDF290FEF8D00106BC6 /* Models */,
				81DEEDEB290FFBB300106BC6 /* DependencyInjection */,
				8143B2C229100F8900BB571E /* App */,
			);
			path = Stats;
			sourceTree = "<group>";
		};
		81DEEDB4290FE22800106BC6 /* StatsTests */ = {
			isa = PBXGroup;
			children = (
				81DEEDB5290FE22800106BC6 /* NetworkServiceTests.swift */,
				81CEDC0A291173DD00C5EFE6 /* PersistenceServiceTests.swift */,
				8186A59229169AAF00F03E2D /* StatsViewModelTests.swift */,
			);
			path = StatsTests;
			sourceTree = "<group>";
		};
		81DEEDD0290FE45E00106BC6 /* Frameworks */ = {
			isa = PBXGroup;
			children = (
			);
			name = Frameworks;
			sourceTree = "<group>";
		};
		81DEEDE8290FF6A200106BC6 /* Services */ = {
			isa = PBXGroup;
			children = (
				81DEEDE9290FF6C000106BC6 /* NetworkService.swift */,
				81CEDBFD2911547700C5EFE6 /* PersistenceService.swift */,
			);
			path = Services;
			sourceTree = "<group>";
		};
/* End PBXGroup section */

/* Begin PBXNativeTarget section */
		81DEEDA0290FE22700106BC6 /* Stats */ = {
			isa = PBXNativeTarget;
			buildConfigurationList = 81DEEDC5290FE22800106BC6 /* Build configuration list for PBXNativeTarget "Stats" */;
			buildPhases = (
				8143B30229103F7D00BB571E /* Swiftlint */,
				81DEED9D290FE22700106BC6 /* Sources */,
				81DEED9E290FE22700106BC6 /* Frameworks */,
				81DEED9F290FE22700106BC6 /* Resources */,
			);
			buildRules = (
			);
			dependencies = (
			);
			name = Stats;
			packageProductDependencies = (
				81DEEDE1290FF03300106BC6 /* Models */,
				81DEEDE3290FF03300106BC6 /* Networking */,
				81DEEDEC290FFC4900106BC6 /* DependencyInjection */,
				8143B2D42910230000BB571E /* NukeUI */,
				81CEDBF9291141CA00C5EFE6 /* Boutique */,
				8169BE51291419A2004E9AE4 /* SwiftDate */,
				81CAC7AC293B85FA00211E75 /* DominantColor */,
			);
			productName = Stats;
			productReference = 81DEEDA1290FE22700106BC6 /* Stats.app */;
			productType = "com.apple.product-type.application";
		};
		81DEEDB0290FE22800106BC6 /* StatsTests */ = {
			isa = PBXNativeTarget;
			buildConfigurationList = 81DEEDC8290FE22800106BC6 /* Build configuration list for PBXNativeTarget "StatsTests" */;
			buildPhases = (
				81DEEDAD290FE22800106BC6 /* Sources */,
				81DEEDAE290FE22800106BC6 /* Frameworks */,
				81DEEDAF290FE22800106BC6 /* Resources */,
			);
			buildRules = (
			);
			dependencies = (
				81DEEDB3290FE22800106BC6 /* PBXTargetDependency */,
			);
			name = StatsTests;
			packageProductDependencies = (
				81C2A88B29119434009EF53A /* Boutique */,
			);
			productName = StatsTests;
			productReference = 81DEEDB1290FE22800106BC6 /* StatsTests.xctest */;
			productType = "com.apple.product-type.bundle.unit-test";
		};
/* End PBXNativeTarget section */

/* Begin PBXProject section */
		81DEED99290FE22700106BC6 /* Project object */ = {
			isa = PBXProject;
			attributes = {
				BuildIndependentTargetsInParallel = 1;
				LastSwiftUpdateCheck = 1400;
				LastUpgradeCheck = 1400;
				TargetAttributes = {
					81DEEDA0290FE22700106BC6 = {
						CreatedOnToolsVersion = 14.0.1;
					};
					81DEEDB0290FE22800106BC6 = {
						CreatedOnToolsVersion = 14.0.1;
						TestTargetID = 81DEEDA0290FE22700106BC6;
					};
				};
			};
			buildConfigurationList = 81DEED9C290FE22700106BC6 /* Build configuration list for PBXProject "Stats" */;
			compatibilityVersion = "Xcode 14.0";
			developmentRegion = en;
			hasScannedForEncodings = 0;
			knownRegions = (
				en,
				Base,
			);
			mainGroup = 81DEED98290FE22700106BC6;
			packageReferences = (
				8143B2D32910230000BB571E /* XCRemoteSwiftPackageReference "Nuke" */,
				81CEDBF8291141CA00C5EFE6 /* XCRemoteSwiftPackageReference "Boutique" */,
				8169BE50291419A2004E9AE4 /* XCRemoteSwiftPackageReference "SwiftDate" */,
				81CAC7AB293B85FA00211E75 /* XCRemoteSwiftPackageReference "DominantColor" */,
			);
			productRefGroup = 81DEEDA2290FE22700106BC6 /* Products */;
			projectDirPath = "";
			projectRoot = "";
			targets = (
				81DEEDA0290FE22700106BC6 /* Stats */,
				81DEEDB0290FE22800106BC6 /* StatsTests */,
			);
		};
/* End PBXProject section */

/* Begin PBXResourcesBuildPhase section */
		81DEED9F290FE22700106BC6 /* Resources */ = {
			isa = PBXResourcesBuildPhase;
			buildActionMask = 2147483647;
			files = (
				81DEEDA9290FE22800106BC6 /* Assets.xcassets in Resources */,
			);
			runOnlyForDeploymentPostprocessing = 0;
		};
		81DEEDAF290FE22800106BC6 /* Resources */ = {
			isa = PBXResourcesBuildPhase;
			buildActionMask = 2147483647;
			files = (
			);
			runOnlyForDeploymentPostprocessing = 0;
		};
/* End PBXResourcesBuildPhase section */

/* Begin PBXShellScriptBuildPhase section */
		8143B30229103F7D00BB571E /* Swiftlint */ = {
			isa = PBXShellScriptBuildPhase;
			buildActionMask = 8;
			files = (
			);
			inputFileListPaths = (
			);
			inputPaths = (
			);
			name = Swiftlint;
			outputFileListPaths = (
			);
			outputPaths = (
			);
			runOnlyForDeploymentPostprocessing = 1;
			shellPath = /bin/sh;
			shellScript = "export PATH=\"$PATH:/opt/homebrew/bin\"\nif which swiftlint >/dev/null; then\n    swiftlint --fix && swiftlint\nelse\n    echo \"swiftlint not installed\"\nfi\n";
		};
/* End PBXShellScriptBuildPhase section */

/* Begin PBXSourcesBuildPhase section */
		81DEED9D290FE22700106BC6 /* Sources */ = {
			isa = PBXSourcesBuildPhase;
			buildActionMask = 2147483647;
			files = (
				8143B2EA2910312500BB571E /* Movie+Mocks.swift in Sources */,
				815C590A293A5A0600EB6A24 /* MediaDetailView.swift in Sources */,
				81CEDBFE2911547700C5EFE6 /* PersistenceService.swift in Sources */,
				81CEDC0D2911767500C5EFE6 /* MediaLayoutType.swift in Sources */,
				8143B2E92910312500BB571E /* TVShow+Mocks.swift in Sources */,
				81CEDC07291157A600C5EFE6 /* MediaContentViewMock.swift in Sources */,
				8143B2FC291038CD00BB571E /* Game+Mocks.swift in Sources */,
				81DEEDEA290FF6C000106BC6 /* NetworkService.swift in Sources */,
				81CEDBFC29114CC100C5EFE6 /* MediaView.swift in Sources */,
				81CAC7AF293B924A00211E75 /* MediaDetailViewModel.swift in Sources */,
				8186A58F29169A4900F03E2D /* StatsView.swift in Sources */,
				81CEDBF429112EFA00C5EFE6 /* MediaListItemView.swift in Sources */,
				8143B2D82910234500BB571E /* String+Extension.swift in Sources */,
				8143B2F82910364400BB571E /* Artist+Mocks.swift in Sources */,
				8143B2DC291026FC00BB571E /* GridView.swift in Sources */,
				8143B2F32910345500BB571E /* Book+Mocks.swift in Sources */,
				81CEDC022911571F00C5EFE6 /* PersistentService+Mock.swift in Sources */,
				817B0B8B291122B60088548D /* PreviewWithMock.swift in Sources */,
				8143B2C5291010F800BB571E /* Route.swift in Sources */,
				8143B2C72910112300BB571E /* MainView.swift in Sources */,
				815C5907293A4E3E00EB6A24 /* BounceButtonStyle.swift in Sources */,
				81CEDC00291156EC00C5EFE6 /* NetworkService+Mock.swift in Sources */,
				81C2A88A291185CE009EF53A /* MediaContentView.swift in Sources */,
				81DEEDA5290FE22700106BC6 /* StatsApp.swift in Sources */,
				8143B2CD2910158900BB571E /* NetworkDataLoader.swift in Sources */,
				810449BB295471A30010677E /* Media+Extension.swift in Sources */,
				8143B2DA291024FD00BB571E /* MediaGridItemView.swift in Sources */,
				8143B2FA291037E900BB571E /* View+Extension.swift in Sources */,
				8143B2D029101D5300BB571E /* GenericErrorView.swift in Sources */,
				8186A59129169A5500F03E2D /* StatsViewModel.swift in Sources */,
				1A98D72D9E0870BDD7304894 /* SettingsView.swift in Sources */,
			);
			runOnlyForDeploymentPostprocessing = 0;
		};
		81DEEDAD290FE22800106BC6 /* Sources */ = {
			isa = PBXSourcesBuildPhase;
			buildActionMask = 2147483647;
			files = (
				81DEEDB6290FE22800106BC6 /* NetworkServiceTests.swift in Sources */,
				8186A59329169AAF00F03E2D /* StatsViewModelTests.swift in Sources */,
				81CEDC0B291173DD00C5EFE6 /* PersistenceServiceTests.swift in Sources */,
			);
			runOnlyForDeploymentPostprocessing = 0;
		};
/* End PBXSourcesBuildPhase section */

/* Begin PBXTargetDependency section */
		81DEEDB3290FE22800106BC6 /* PBXTargetDependency */ = {
			isa = PBXTargetDependency;
			target = 81DEEDA0290FE22700106BC6 /* Stats */;
			targetProxy = 81DEEDB2290FE22800106BC6 /* PBXContainerItemProxy */;
		};
/* End PBXTargetDependency section */

/* Begin XCBuildConfiguration section */
		81DEEDC3290FE22800106BC6 /* Debug */ = {
			isa = XCBuildConfiguration;
			buildSettings = {
				ALWAYS_SEARCH_USER_PATHS = NO;
				CLANG_ANALYZER_NONNULL = YES;
				CLANG_ANALYZER_NUMBER_OBJECT_CONVERSION = YES_AGGRESSIVE;
				CLANG_CXX_LANGUAGE_STANDARD = "gnu++20";
				CLANG_ENABLE_MODULES = YES;
				CLANG_ENABLE_OBJC_ARC = YES;
				CLANG_ENABLE_OBJC_WEAK = YES;
				CLANG_WARN_BLOCK_CAPTURE_AUTORELEASING = YES;
				CLANG_WARN_BOOL_CONVERSION = YES;
				CLANG_WARN_COMMA = YES;
				CLANG_WARN_CONSTANT_CONVERSION = YES;
				CLANG_WARN_DEPRECATED_OBJC_IMPLEMENTATIONS = YES;
				CLANG_WARN_DIRECT_OBJC_ISA_USAGE = YES_ERROR;
				CLANG_WARN_DOCUMENTATION_COMMENTS = YES;
				CLANG_WARN_EMPTY_BODY = YES;
				CLANG_WARN_ENUM_CONVERSION = YES;
				CLANG_WARN_INFINITE_RECURSION = YES;
				CLANG_WARN_INT_CONVERSION = YES;
				CLANG_WARN_NON_LITERAL_NULL_CONVERSION = YES;
				CLANG_WARN_OBJC_IMPLICIT_RETAIN_SELF = YES;
				CLANG_WARN_OBJC_LITERAL_CONVERSION = YES;
				CLANG_WARN_OBJC_ROOT_CLASS = YES_ERROR;
				CLANG_WARN_QUOTED_INCLUDE_IN_FRAMEWORK_HEADER = YES;
				CLANG_WARN_RANGE_LOOP_ANALYSIS = YES;
				CLANG_WARN_STRICT_PROTOTYPES = YES;
				CLANG_WARN_SUSPICIOUS_MOVE = YES;
				CLANG_WARN_UNGUARDED_AVAILABILITY = YES_AGGRESSIVE;
				CLANG_WARN_UNREACHABLE_CODE = YES;
				CLANG_WARN__DUPLICATE_METHOD_MATCH = YES;
				COPY_PHASE_STRIP = NO;
				DEBUG_INFORMATION_FORMAT = dwarf;
				ENABLE_STRICT_OBJC_MSGSEND = YES;
				ENABLE_TESTABILITY = YES;
				GCC_C_LANGUAGE_STANDARD = gnu11;
				GCC_DYNAMIC_NO_PIC = NO;
				GCC_NO_COMMON_BLOCKS = YES;
				GCC_OPTIMIZATION_LEVEL = 0;
				GCC_PREPROCESSOR_DEFINITIONS = (
					"DEBUG=1",
					"$(inherited)",
				);
				GCC_WARN_64_TO_32_BIT_CONVERSION = YES;
				GCC_WARN_ABOUT_RETURN_TYPE = YES_ERROR;
				GCC_WARN_UNDECLARED_SELECTOR = YES;
				GCC_WARN_UNINITIALIZED_AUTOS = YES_AGGRESSIVE;
				GCC_WARN_UNUSED_FUNCTION = YES;
				GCC_WARN_UNUSED_VARIABLE = YES;
				IPHONEOS_DEPLOYMENT_TARGET = 16.0;
				MTL_ENABLE_DEBUG_INFO = INCLUDE_SOURCE;
				MTL_FAST_MATH = YES;
				ONLY_ACTIVE_ARCH = YES;
				SDKROOT = iphoneos;
				SWIFT_ACTIVE_COMPILATION_CONDITIONS = DEBUG;
				SWIFT_OPTIMIZATION_LEVEL = "-Onone";
			};
			name = Debug;
		};
		81DEEDC4290FE22800106BC6 /* Release */ = {
			isa = XCBuildConfiguration;
			buildSettings = {
				ALWAYS_SEARCH_USER_PATHS = NO;
				CLANG_ANALYZER_NONNULL = YES;
				CLANG_ANALYZER_NUMBER_OBJECT_CONVERSION = YES_AGGRESSIVE;
				CLANG_CXX_LANGUAGE_STANDARD = "gnu++20";
				CLANG_ENABLE_MODULES = YES;
				CLANG_ENABLE_OBJC_ARC = YES;
				CLANG_ENABLE_OBJC_WEAK = YES;
				CLANG_WARN_BLOCK_CAPTURE_AUTORELEASING = YES;
				CLANG_WARN_BOOL_CONVERSION = YES;
				CLANG_WARN_COMMA = YES;
				CLANG_WARN_CONSTANT_CONVERSION = YES;
				CLANG_WARN_DEPRECATED_OBJC_IMPLEMENTATIONS = YES;
				CLANG_WARN_DIRECT_OBJC_ISA_USAGE = YES_ERROR;
				CLANG_WARN_DOCUMENTATION_COMMENTS = YES;
				CLANG_WARN_EMPTY_BODY = YES;
				CLANG_WARN_ENUM_CONVERSION = YES;
				CLANG_WARN_INFINITE_RECURSION = YES;
				CLANG_WARN_INT_CONVERSION = YES;
				CLANG_WARN_NON_LITERAL_NULL_CONVERSION = YES;
				CLANG_WARN_OBJC_IMPLICIT_RETAIN_SELF = YES;
				CLANG_WARN_OBJC_LITERAL_CONVERSION = YES;
				CLANG_WARN_OBJC_ROOT_CLASS = YES_ERROR;
				CLANG_WARN_QUOTED_INCLUDE_IN_FRAMEWORK_HEADER = YES;
				CLANG_WARN_RANGE_LOOP_ANALYSIS = YES;
				CLANG_WARN_STRICT_PROTOTYPES = YES;
				CLANG_WARN_SUSPICIOUS_MOVE = YES;
				CLANG_WARN_UNGUARDED_AVAILABILITY = YES_AGGRESSIVE;
				CLANG_WARN_UNREACHABLE_CODE = YES;
				CLANG_WARN__DUPLICATE_METHOD_MATCH = YES;
				COPY_PHASE_STRIP = NO;
				DEBUG_INFORMATION_FORMAT = "dwarf-with-dsym";
				ENABLE_NS_ASSERTIONS = NO;
				ENABLE_STRICT_OBJC_MSGSEND = YES;
				GCC_C_LANGUAGE_STANDARD = gnu11;
				GCC_NO_COMMON_BLOCKS = YES;
				GCC_WARN_64_TO_32_BIT_CONVERSION = YES;
				GCC_WARN_ABOUT_RETURN_TYPE = YES_ERROR;
				GCC_WARN_UNDECLARED_SELECTOR = YES;
				GCC_WARN_UNINITIALIZED_AUTOS = YES_AGGRESSIVE;
				GCC_WARN_UNUSED_FUNCTION = YES;
				GCC_WARN_UNUSED_VARIABLE = YES;
				IPHONEOS_DEPLOYMENT_TARGET = 16.0;
				MTL_ENABLE_DEBUG_INFO = NO;
				MTL_FAST_MATH = YES;
				SDKROOT = iphoneos;
				SWIFT_COMPILATION_MODE = wholemodule;
				SWIFT_OPTIMIZATION_LEVEL = "-O";
				VALIDATE_PRODUCT = YES;
			};
			name = Release;
		};
		81DEEDC6290FE22800106BC6 /* Debug */ = {
			isa = XCBuildConfiguration;
			buildSettings = {
				ASSETCATALOG_COMPILER_APPICON_NAME = AppIcon;
				ASSETCATALOG_COMPILER_GLOBAL_ACCENT_COLOR_NAME = AccentColor;
				CODE_SIGN_STYLE = Automatic;
				CURRENT_PROJECT_VERSION = 1;
				DEVELOPMENT_ASSET_PATHS = "";
				DEVELOPMENT_TEAM = A2SY882DX2;
				ENABLE_PREVIEWS = YES;
				GENERATE_INFOPLIST_FILE = YES;
				INFOPLIST_KEY_UIApplicationSceneManifest_Generation = YES;
				INFOPLIST_KEY_UIApplicationSupportsIndirectInputEvents = YES;
				INFOPLIST_KEY_UILaunchScreen_Generation = YES;
				INFOPLIST_KEY_UISupportedInterfaceOrientations_iPad = "UIInterfaceOrientationPortrait UIInterfaceOrientationPortraitUpsideDown UIInterfaceOrientationLandscapeLeft UIInterfaceOrientationLandscapeRight";
				INFOPLIST_KEY_UISupportedInterfaceOrientations_iPhone = "UIInterfaceOrientationPortrait UIInterfaceOrientationLandscapeLeft UIInterfaceOrientationLandscapeRight";
				LD_RUNPATH_SEARCH_PATHS = (
					"$(inherited)",
					"@executable_path/Frameworks",
				);
				MARKETING_VERSION = 1.0;
				PRODUCT_BUNDLE_IDENTIFIER = it.ned.stats;
				PRODUCT_NAME = "$(TARGET_NAME)";
				SWIFT_EMIT_LOC_STRINGS = YES;
				SWIFT_VERSION = 5.0;
				TARGETED_DEVICE_FAMILY = "1,2";
			};
			name = Debug;
		};
		81DEEDC7290FE22800106BC6 /* Release */ = {
			isa = XCBuildConfiguration;
			buildSettings = {
				ASSETCATALOG_COMPILER_APPICON_NAME = AppIcon;
				ASSETCATALOG_COMPILER_GLOBAL_ACCENT_COLOR_NAME = AccentColor;
				CODE_SIGN_STYLE = Automatic;
				CURRENT_PROJECT_VERSION = 1;
				DEVELOPMENT_ASSET_PATHS = "";
				DEVELOPMENT_TEAM = A2SY882DX2;
				ENABLE_PREVIEWS = YES;
				GENERATE_INFOPLIST_FILE = YES;
				INFOPLIST_KEY_UIApplicationSceneManifest_Generation = YES;
				INFOPLIST_KEY_UIApplicationSupportsIndirectInputEvents = YES;
				INFOPLIST_KEY_UILaunchScreen_Generation = YES;
				INFOPLIST_KEY_UISupportedInterfaceOrientations_iPad = "UIInterfaceOrientationPortrait UIInterfaceOrientationPortraitUpsideDown UIInterfaceOrientationLandscapeLeft UIInterfaceOrientationLandscapeRight";
				INFOPLIST_KEY_UISupportedInterfaceOrientations_iPhone = "UIInterfaceOrientationPortrait UIInterfaceOrientationLandscapeLeft UIInterfaceOrientationLandscapeRight";
				LD_RUNPATH_SEARCH_PATHS = (
					"$(inherited)",
					"@executable_path/Frameworks",
				);
				MARKETING_VERSION = 1.0;
				PRODUCT_BUNDLE_IDENTIFIER = it.ned.stats;
				PRODUCT_NAME = "$(TARGET_NAME)";
				SWIFT_EMIT_LOC_STRINGS = YES;
				SWIFT_VERSION = 5.0;
				TARGETED_DEVICE_FAMILY = "1,2";
			};
			name = Release;
		};
		81DEEDC9290FE22800106BC6 /* Debug */ = {
			isa = XCBuildConfiguration;
			buildSettings = {
				ALWAYS_EMBED_SWIFT_STANDARD_LIBRARIES = YES;
				BUNDLE_LOADER = "$(TEST_HOST)";
				CODE_SIGN_STYLE = Automatic;
				CURRENT_PROJECT_VERSION = 1;
				DEVELOPMENT_TEAM = 8PT88A387A;
				GENERATE_INFOPLIST_FILE = YES;
				IPHONEOS_DEPLOYMENT_TARGET = 16.0;
				MARKETING_VERSION = 1.0;
				PRODUCT_BUNDLE_IDENTIFIER = it.ned.StatsTests;
				PRODUCT_NAME = "$(TARGET_NAME)";
				SWIFT_EMIT_LOC_STRINGS = NO;
				SWIFT_VERSION = 5.0;
				TARGETED_DEVICE_FAMILY = "1,2";
				TEST_HOST = "$(BUILT_PRODUCTS_DIR)/Stats.app/$(BUNDLE_EXECUTABLE_FOLDER_PATH)/Stats";
			};
			name = Debug;
		};
		81DEEDCA290FE22800106BC6 /* Release */ = {
			isa = XCBuildConfiguration;
			buildSettings = {
				ALWAYS_EMBED_SWIFT_STANDARD_LIBRARIES = YES;
				BUNDLE_LOADER = "$(TEST_HOST)";
				CODE_SIGN_STYLE = Automatic;
				CURRENT_PROJECT_VERSION = 1;
				DEVELOPMENT_TEAM = 8PT88A387A;
				GENERATE_INFOPLIST_FILE = YES;
				IPHONEOS_DEPLOYMENT_TARGET = 16.0;
				MARKETING_VERSION = 1.0;
				PRODUCT_BUNDLE_IDENTIFIER = it.ned.StatsTests;
				PRODUCT_NAME = "$(TARGET_NAME)";
				SWIFT_EMIT_LOC_STRINGS = NO;
				SWIFT_VERSION = 5.0;
				TARGETED_DEVICE_FAMILY = "1,2";
				TEST_HOST = "$(BUILT_PRODUCTS_DIR)/Stats.app/$(BUNDLE_EXECUTABLE_FOLDER_PATH)/Stats";
			};
			name = Release;
		};
/* End XCBuildConfiguration section */

/* Begin XCConfigurationList section */
		81DEED9C290FE22700106BC6 /* Build configuration list for PBXProject "Stats" */ = {
			isa = XCConfigurationList;
			buildConfigurations = (
				81DEEDC3290FE22800106BC6 /* Debug */,
				81DEEDC4290FE22800106BC6 /* Release */,
			);
			defaultConfigurationIsVisible = 0;
			defaultConfigurationName = Release;
		};
		81DEEDC5290FE22800106BC6 /* Build configuration list for PBXNativeTarget "Stats" */ = {
			isa = XCConfigurationList;
			buildConfigurations = (
				81DEEDC6290FE22800106BC6 /* Debug */,
				81DEEDC7290FE22800106BC6 /* Release */,
			);
			defaultConfigurationIsVisible = 0;
			defaultConfigurationName = Release;
		};
		81DEEDC8290FE22800106BC6 /* Build configuration list for PBXNativeTarget "StatsTests" */ = {
			isa = XCConfigurationList;
			buildConfigurations = (
				81DEEDC9290FE22800106BC6 /* Debug */,
				81DEEDCA290FE22800106BC6 /* Release */,
			);
			defaultConfigurationIsVisible = 0;
			defaultConfigurationName = Release;
		};
/* End XCConfigurationList section */

/* Begin XCRemoteSwiftPackageReference section */
		8143B2D32910230000BB571E /* XCRemoteSwiftPackageReference "Nuke" */ = {
			isa = XCRemoteSwiftPackageReference;
			repositoryURL = "https://github.com/kean/Nuke.git";
			requirement = {
				kind = exactVersion;
				version = 11.3.1;
			};
		};
		8169BE50291419A2004E9AE4 /* XCRemoteSwiftPackageReference "SwiftDate" */ = {
			isa = XCRemoteSwiftPackageReference;
			repositoryURL = "https://github.com/malcommac/SwiftDate.git";
			requirement = {
				kind = exactVersion;
				version = 7.0.0;
			};
		};
		81CAC7AB293B85FA00211E75 /* XCRemoteSwiftPackageReference "DominantColor" */ = {
			isa = XCRemoteSwiftPackageReference;
			repositoryURL = "https://github.com/indragiek/DominantColor";
			requirement = {
				kind = upToNextMajorVersion;
				minimumVersion = 0.2.1;
			};
		};
		81CEDBF8291141CA00C5EFE6 /* XCRemoteSwiftPackageReference "Boutique" */ = {
			isa = XCRemoteSwiftPackageReference;
			repositoryURL = "https://github.com/mergesort/Boutique.git";
			requirement = {
				kind = exactVersion;
				version = 2.0.3;
			};
		};
/* End XCRemoteSwiftPackageReference section */

/* Begin XCSwiftPackageProductDependency section */
		8143B2D42910230000BB571E /* NukeUI */ = {
			isa = XCSwiftPackageProductDependency;
			package = 8143B2D32910230000BB571E /* XCRemoteSwiftPackageReference "Nuke" */;
			productName = NukeUI;
		};
		8169BE51291419A2004E9AE4 /* SwiftDate */ = {
			isa = XCSwiftPackageProductDependency;
			package = 8169BE50291419A2004E9AE4 /* XCRemoteSwiftPackageReference "SwiftDate" */;
			productName = SwiftDate;
		};
		81C2A88B29119434009EF53A /* Boutique */ = {
			isa = XCSwiftPackageProductDependency;
			package = 81CEDBF8291141CA00C5EFE6 /* XCRemoteSwiftPackageReference "Boutique" */;
			productName = Boutique;
		};
		81CAC7AC293B85FA00211E75 /* DominantColor */ = {
			isa = XCSwiftPackageProductDependency;
			package = 81CAC7AB293B85FA00211E75 /* XCRemoteSwiftPackageReference "DominantColor" */;
			productName = DominantColor;
		};
		81CEDBF9291141CA00C5EFE6 /* Boutique */ = {
			isa = XCSwiftPackageProductDependency;
			package = 81CEDBF8291141CA00C5EFE6 /* XCRemoteSwiftPackageReference "Boutique" */;
			productName = Boutique;
		};
		81DEEDE1290FF03300106BC6 /* Models */ = {
			isa = XCSwiftPackageProductDependency;
			productName = Models;
		};
		81DEEDE3290FF03300106BC6 /* Networking */ = {
			isa = XCSwiftPackageProductDependency;
			productName = Networking;
		};
		81DEEDEC290FFC4900106BC6 /* DependencyInjection */ = {
			isa = XCSwiftPackageProductDependency;
			productName = DependencyInjection;
		};
/* End XCSwiftPackageProductDependency section */
	};
	rootObject = 81DEED99290FE22700106BC6 /* Project object */;
}
